
Microsoft Visual Studio Solution File, Format Version 12.00
# Visual Studio Version 17
VisualStudioVersion = 17.4.33205.214
MinimumVisualStudioVersion = 10.0.40219.1
Project("{FAE04EC0-301F-11D3-BF4B-00C04F79EFBC}") = "BookExchange", "BookExchange\BookExchange.csproj", "{550B6485-C679-4914-B4FD-A42D44C3B5DB}"
EndProject
Global
	GlobalSection(SolutionConfigurationPlatforms) = preSolution
		Debug|Any CPU = Debug|Any CPU
		Release|Any CPU = Release|Any CPU
	EndGlobalSection
	GlobalSection(ProjectConfigurationPlatforms) = postSolution
		{550B6485-C679-4914-B4FD-A42D44C3B5DB}.Debug|Any CPU.ActiveCfg = Debug|Any CPU
		{550B6485-C679-4914-B4FD-A42D44C3B5DB}.Debug|Any CPU.Build.0 = Debug|Any CPU
		{550B6485-C679-4914-B4FD-A42D44C3B5DB}.Release|Any CPU.ActiveCfg = Release|Any CPU
		{550B6485-C679-4914-B4FD-A42D44C3B5DB}.Release|Any CPU.Build.0 = Release|Any CPU
	EndGlobalSection
	GlobalSection(SolutionProperties) = preSolution
		HideSolutionNode = FALSE
	EndGlobalSection
	GlobalSection(ExtensibilityGlobals) = postSolution
		SolutionGuid = {F6E0519C-8CD8-4F21-89FD-0BDA18764074}
	EndGlobalSection
EndGlobal
